
Microsoft Visual Studio Solution File, Format Version 12.00
# Visual Studio 15
VisualStudioVersion = 15.0.27004.2010
MinimumVisualStudioVersion = 10.0.40219.1
Project("{FAE04EC0-301F-11D3-BF4B-00C04F79EFBC}") = "LInstMgr", "LabDB2\LInstMgr.csproj", "{99C9E82C-C594-446D-AA59-8FFBC43AD226}"
EndProject
Project("{2150E333-8FDC-42A3-9474-1A3956D46DE8}") = "Modules", "Modules", "{8F1F5AA4-B46F-4661-AAB0-490B2C80DA5C}"
EndProject
Project("{2150E333-8FDC-42A3-9474-1A3956D46DE8}") = "Common", "Common", "{3560430A-1098-46BE-8732-26BCC70F451A}"
EndProject
Project("{FAE04EC0-301F-11D3-BF4B-00C04F79EFBC}") = "Infrastructure", "Infrastructure\Infrastructure.csproj", "{C432C3BE-1051-45F1-95A1-9397BBF35923}"
EndProject
Project("{FAE04EC0-301F-11D3-BF4B-00C04F79EFBC}") = "Controls", "Controls\Controls.csproj", "{315CD8AB-0509-4D45-ABA5-B2CBD0F10F69}"
EndProject
Project("{FAE04EC0-301F-11D3-BF4B-00C04F79EFBC}") = "Admin", "Admin\Admin.csproj", "{DF56D17F-6CEE-4BED-9931-43260EC3FBD7}"
EndProject
Project("{FAE04EC0-301F-11D3-BF4B-00C04F79EFBC}") = "Instruments", "Instruments\Instruments.csproj", "{820441F7-4E40-4536-9B31-6A30C7811E92}"
EndProject
Project("{2150E333-8FDC-42A3-9474-1A3956D46DE8}") = "Test_assemblies", "Test_assemblies", "{5C29ACB5-924D-42D5-8634-6205091FC610}"
EndProject
Project("{FAE04EC0-301F-11D3-BF4B-00C04F79EFBC}") = "InfrastructureTests", "InfrastructureTests\InfrastructureTests.csproj", "{F5A65426-9D99-4ABA-9006-D268474991D7}"
EndProject
Project("{FAE04EC0-301F-11D3-BF4B-00C04F79EFBC}") = "LInst", "LInstContext\LInst.csproj", "{19743078-CD3F-4514-AA51-274D71D96382}"
EndProject
Project("{2150E333-8FDC-42A3-9474-1A3956D46DE8}") = "Solution Items", "Solution Items", "{1861F556-364B-4DA1-B3D2-5A7D814A56DE}"
EndProject
Global
	GlobalSection(SolutionConfigurationPlatforms) = preSolution
		Debug|Any CPU = Debug|Any CPU
		Debug|ARM = Debug|ARM
		Debug|x64 = Debug|x64
		Debug|x86 = Debug|x86
		Release|Any CPU = Release|Any CPU
		Release|ARM = Release|ARM
		Release|x64 = Release|x64
		Release|x86 = Release|x86
	EndGlobalSection
	GlobalSection(ProjectConfigurationPlatforms) = postSolution
		{99C9E82C-C594-446D-AA59-8FFBC43AD226}.Debug|Any CPU.ActiveCfg = Debug|Any CPU
		{99C9E82C-C594-446D-AA59-8FFBC43AD226}.Debug|Any CPU.Build.0 = Debug|Any CPU
		{99C9E82C-C594-446D-AA59-8FFBC43AD226}.Debug|ARM.ActiveCfg = Debug|Any CPU
		{99C9E82C-C594-446D-AA59-8FFBC43AD226}.Debug|ARM.Build.0 = Debug|Any CPU
		{99C9E82C-C594-446D-AA59-8FFBC43AD226}.Debug|x64.ActiveCfg = Debug|Any CPU
		{99C9E82C-C594-446D-AA59-8FFBC43AD226}.Debug|x64.Build.0 = Debug|Any CPU
		{99C9E82C-C594-446D-AA59-8FFBC43AD226}.Debug|x86.ActiveCfg = Debug|Any CPU
		{99C9E82C-C594-446D-AA59-8FFBC43AD226}.Debug|x86.Build.0 = Debug|Any CPU
		{99C9E82C-C594-446D-AA59-8FFBC43AD226}.Release|Any CPU.ActiveCfg = Release|Any CPU
		{99C9E82C-C594-446D-AA59-8FFBC43AD226}.Release|Any CPU.Build.0 = Release|Any CPU
		{99C9E82C-C594-446D-AA59-8FFBC43AD226}.Release|ARM.ActiveCfg = Release|Any CPU
		{99C9E82C-C594-446D-AA59-8FFBC43AD226}.Release|ARM.Build.0 = Release|Any CPU
		{99C9E82C-C594-446D-AA59-8FFBC43AD226}.Release|x64.ActiveCfg = Release|Any CPU
		{99C9E82C-C594-446D-AA59-8FFBC43AD226}.Release|x64.Build.0 = Release|Any CPU
		{99C9E82C-C594-446D-AA59-8FFBC43AD226}.Release|x86.ActiveCfg = Release|Any CPU
		{99C9E82C-C594-446D-AA59-8FFBC43AD226}.Release|x86.Build.0 = Release|Any CPU
		{C432C3BE-1051-45F1-95A1-9397BBF35923}.Debug|Any CPU.ActiveCfg = Debug|Any CPU
		{C432C3BE-1051-45F1-95A1-9397BBF35923}.Debug|Any CPU.Build.0 = Debug|Any CPU
		{C432C3BE-1051-45F1-95A1-9397BBF35923}.Debug|ARM.ActiveCfg = Debug|Any CPU
		{C432C3BE-1051-45F1-95A1-9397BBF35923}.Debug|ARM.Build.0 = Debug|Any CPU
		{C432C3BE-1051-45F1-95A1-9397BBF35923}.Debug|x64.ActiveCfg = Debug|Any CPU
		{C432C3BE-1051-45F1-95A1-9397BBF35923}.Debug|x64.Build.0 = Debug|Any CPU
		{C432C3BE-1051-45F1-95A1-9397BBF35923}.Debug|x86.ActiveCfg = Debug|Any CPU
		{C432C3BE-1051-45F1-95A1-9397BBF35923}.Debug|x86.Build.0 = Debug|Any CPU
		{C432C3BE-1051-45F1-95A1-9397BBF35923}.Release|Any CPU.ActiveCfg = Release|Any CPU
		{C432C3BE-1051-45F1-95A1-9397BBF35923}.Release|Any CPU.Build.0 = Release|Any CPU
		{C432C3BE-1051-45F1-95A1-9397BBF35923}.Release|ARM.ActiveCfg = Release|Any CPU
		{C432C3BE-1051-45F1-95A1-9397BBF35923}.Release|ARM.Build.0 = Release|Any CPU
		{C432C3BE-1051-45F1-95A1-9397BBF35923}.Release|x64.ActiveCfg = Release|Any CPU
		{C432C3BE-1051-45F1-95A1-9397BBF35923}.Release|x64.Build.0 = Release|Any CPU
		{C432C3BE-1051-45F1-95A1-9397BBF35923}.Release|x86.ActiveCfg = Release|Any CPU
		{C432C3BE-1051-45F1-95A1-9397BBF35923}.Release|x86.Build.0 = Release|Any CPU
		{315CD8AB-0509-4D45-ABA5-B2CBD0F10F69}.Debug|Any CPU.ActiveCfg = Debug|Any CPU
		{315CD8AB-0509-4D45-ABA5-B2CBD0F10F69}.Debug|Any CPU.Build.0 = Debug|Any CPU
		{315CD8AB-0509-4D45-ABA5-B2CBD0F10F69}.Debug|ARM.ActiveCfg = Debug|Any CPU
		{315CD8AB-0509-4D45-ABA5-B2CBD0F10F69}.Debug|ARM.Build.0 = Debug|Any CPU
		{315CD8AB-0509-4D45-ABA5-B2CBD0F10F69}.Debug|x64.ActiveCfg = Debug|Any CPU
		{315CD8AB-0509-4D45-ABA5-B2CBD0F10F69}.Debug|x64.Build.0 = Debug|Any CPU
		{315CD8AB-0509-4D45-ABA5-B2CBD0F10F69}.Debug|x86.ActiveCfg = Debug|Any CPU
		{315CD8AB-0509-4D45-ABA5-B2CBD0F10F69}.Debug|x86.Build.0 = Debug|Any CPU
		{315CD8AB-0509-4D45-ABA5-B2CBD0F10F69}.Release|Any CPU.ActiveCfg = Release|Any CPU
		{315CD8AB-0509-4D45-ABA5-B2CBD0F10F69}.Release|Any CPU.Build.0 = Release|Any CPU
		{315CD8AB-0509-4D45-ABA5-B2CBD0F10F69}.Release|ARM.ActiveCfg = Release|Any CPU
		{315CD8AB-0509-4D45-ABA5-B2CBD0F10F69}.Release|ARM.Build.0 = Release|Any CPU
		{315CD8AB-0509-4D45-ABA5-B2CBD0F10F69}.Release|x64.ActiveCfg = Release|Any CPU
		{315CD8AB-0509-4D45-ABA5-B2CBD0F10F69}.Release|x64.Build.0 = Release|Any CPU
		{315CD8AB-0509-4D45-ABA5-B2CBD0F10F69}.Release|x86.ActiveCfg = Release|Any CPU
		{315CD8AB-0509-4D45-ABA5-B2CBD0F10F69}.Release|x86.Build.0 = Release|Any CPU
		{DF56D17F-6CEE-4BED-9931-43260EC3FBD7}.Debug|Any CPU.ActiveCfg = Debug|Any CPU
		{DF56D17F-6CEE-4BED-9931-43260EC3FBD7}.Debug|Any CPU.Build.0 = Debug|Any CPU
		{DF56D17F-6CEE-4BED-9931-43260EC3FBD7}.Debug|ARM.ActiveCfg = Debug|Any CPU
		{DF56D17F-6CEE-4BED-9931-43260EC3FBD7}.Debug|ARM.Build.0 = Debug|Any CPU
		{DF56D17F-6CEE-4BED-9931-43260EC3FBD7}.Debug|x64.ActiveCfg = Debug|Any CPU
		{DF56D17F-6CEE-4BED-9931-43260EC3FBD7}.Debug|x64.Build.0 = Debug|Any CPU
		{DF56D17F-6CEE-4BED-9931-43260EC3FBD7}.Debug|x86.ActiveCfg = Debug|Any CPU
		{DF56D17F-6CEE-4BED-9931-43260EC3FBD7}.Debug|x86.Build.0 = Debug|Any CPU
		{DF56D17F-6CEE-4BED-9931-43260EC3FBD7}.Release|Any CPU.ActiveCfg = Release|Any CPU
		{DF56D17F-6CEE-4BED-9931-43260EC3FBD7}.Release|Any CPU.Build.0 = Release|Any CPU
		{DF56D17F-6CEE-4BED-9931-43260EC3FBD7}.Release|ARM.ActiveCfg = Release|Any CPU
		{DF56D17F-6CEE-4BED-9931-43260EC3FBD7}.Release|ARM.Build.0 = Release|Any CPU
		{DF56D17F-6CEE-4BED-9931-43260EC3FBD7}.Release|x64.ActiveCfg = Release|Any CPU
		{DF56D17F-6CEE-4BED-9931-43260EC3FBD7}.Release|x64.Build.0 = Release|Any CPU
		{DF56D17F-6CEE-4BED-9931-43260EC3FBD7}.Release|x86.ActiveCfg = Release|Any CPU
		{DF56D17F-6CEE-4BED-9931-43260EC3FBD7}.Release|x86.Build.0 = Release|Any CPU
		{820441F7-4E40-4536-9B31-6A30C7811E92}.Debug|Any CPU.ActiveCfg = Debug|Any CPU
		{820441F7-4E40-4536-9B31-6A30C7811E92}.Debug|Any CPU.Build.0 = Debug|Any CPU
		{820441F7-4E40-4536-9B31-6A30C7811E92}.Debug|ARM.ActiveCfg = Debug|Any CPU
		{820441F7-4E40-4536-9B31-6A30C7811E92}.Debug|ARM.Build.0 = Debug|Any CPU
		{820441F7-4E40-4536-9B31-6A30C7811E92}.Debug|x64.ActiveCfg = Debug|Any CPU
		{820441F7-4E40-4536-9B31-6A30C7811E92}.Debug|x64.Build.0 = Debug|Any CPU
		{820441F7-4E40-4536-9B31-6A30C7811E92}.Debug|x86.ActiveCfg = Debug|Any CPU
		{820441F7-4E40-4536-9B31-6A30C7811E92}.Debug|x86.Build.0 = Debug|Any CPU
		{820441F7-4E40-4536-9B31-6A30C7811E92}.Release|Any CPU.ActiveCfg = Release|Any CPU
		{820441F7-4E40-4536-9B31-6A30C7811E92}.Release|Any CPU.Build.0 = Release|Any CPU
		{820441F7-4E40-4536-9B31-6A30C7811E92}.Release|ARM.ActiveCfg = Release|Any CPU
		{820441F7-4E40-4536-9B31-6A30C7811E92}.Release|ARM.Build.0 = Release|Any CPU
		{820441F7-4E40-4536-9B31-6A30C7811E92}.Release|x64.ActiveCfg = Release|Any CPU
		{820441F7-4E40-4536-9B31-6A30C7811E92}.Release|x64.Build.0 = Release|Any CPU
		{820441F7-4E40-4536-9B31-6A30C7811E92}.Release|x86.ActiveCfg = Release|Any CPU
		{820441F7-4E40-4536-9B31-6A30C7811E92}.Release|x86.Build.0 = Release|Any CPU
		{F5A65426-9D99-4ABA-9006-D268474991D7}.Debug|Any CPU.ActiveCfg = Debug|Any CPU
		{F5A65426-9D99-4ABA-9006-D268474991D7}.Debug|Any CPU.Build.0 = Debug|Any CPU
		{F5A65426-9D99-4ABA-9006-D268474991D7}.Debug|ARM.ActiveCfg = Debug|Any CPU
		{F5A65426-9D99-4ABA-9006-D268474991D7}.Debug|ARM.Build.0 = Debug|Any CPU
		{F5A65426-9D99-4ABA-9006-D268474991D7}.Debug|x64.ActiveCfg = Debug|Any CPU
		{F5A65426-9D99-4ABA-9006-D268474991D7}.Debug|x64.Build.0 = Debug|Any CPU
		{F5A65426-9D99-4ABA-9006-D268474991D7}.Debug|x86.ActiveCfg = Debug|Any CPU
		{F5A65426-9D99-4ABA-9006-D268474991D7}.Debug|x86.Build.0 = Debug|Any CPU
		{F5A65426-9D99-4ABA-9006-D268474991D7}.Release|Any CPU.ActiveCfg = Release|Any CPU
		{F5A65426-9D99-4ABA-9006-D268474991D7}.Release|Any CPU.Build.0 = Release|Any CPU
		{F5A65426-9D99-4ABA-9006-D268474991D7}.Release|ARM.ActiveCfg = Release|Any CPU
		{F5A65426-9D99-4ABA-9006-D268474991D7}.Release|ARM.Build.0 = Release|Any CPU
		{F5A65426-9D99-4ABA-9006-D268474991D7}.Release|x64.ActiveCfg = Release|Any CPU
		{F5A65426-9D99-4ABA-9006-D268474991D7}.Release|x64.Build.0 = Release|Any CPU
		{F5A65426-9D99-4ABA-9006-D268474991D7}.Release|x86.ActiveCfg = Release|Any CPU
		{F5A65426-9D99-4ABA-9006-D268474991D7}.Release|x86.Build.0 = Release|Any CPU
		{19743078-CD3F-4514-AA51-274D71D96382}.Debug|Any CPU.ActiveCfg = Debug|Any CPU
		{19743078-CD3F-4514-AA51-274D71D96382}.Debug|Any CPU.Build.0 = Debug|Any CPU
		{19743078-CD3F-4514-AA51-274D71D96382}.Debug|ARM.ActiveCfg = Debug|Any CPU
		{19743078-CD3F-4514-AA51-274D71D96382}.Debug|ARM.Build.0 = Debug|Any CPU
		{19743078-CD3F-4514-AA51-274D71D96382}.Debug|x64.ActiveCfg = Debug|Any CPU
		{19743078-CD3F-4514-AA51-274D71D96382}.Debug|x64.Build.0 = Debug|Any CPU
		{19743078-CD3F-4514-AA51-274D71D96382}.Debug|x86.ActiveCfg = Debug|Any CPU
		{19743078-CD3F-4514-AA51-274D71D96382}.Debug|x86.Build.0 = Debug|Any CPU
		{19743078-CD3F-4514-AA51-274D71D96382}.Release|Any CPU.ActiveCfg = Release|Any CPU
		{19743078-CD3F-4514-AA51-274D71D96382}.Release|Any CPU.Build.0 = Release|Any CPU
		{19743078-CD3F-4514-AA51-274D71D96382}.Release|ARM.ActiveCfg = Release|Any CPU
		{19743078-CD3F-4514-AA51-274D71D96382}.Release|ARM.Build.0 = Release|Any CPU
		{19743078-CD3F-4514-AA51-274D71D96382}.Release|x64.ActiveCfg = Release|Any CPU
		{19743078-CD3F-4514-AA51-274D71D96382}.Release|x64.Build.0 = Release|Any CPU
		{19743078-CD3F-4514-AA51-274D71D96382}.Release|x86.ActiveCfg = Release|Any CPU
		{19743078-CD3F-4514-AA51-274D71D96382}.Release|x86.Build.0 = Release|Any CPU
	EndGlobalSection
	GlobalSection(SolutionProperties) = preSolution
		HideSolutionNode = FALSE
	EndGlobalSection
	GlobalSection(NestedProjects) = preSolution
		{C432C3BE-1051-45F1-95A1-9397BBF35923} = {3560430A-1098-46BE-8732-26BCC70F451A}
		{315CD8AB-0509-4D45-ABA5-B2CBD0F10F69} = {3560430A-1098-46BE-8732-26BCC70F451A}
		{DF56D17F-6CEE-4BED-9931-43260EC3FBD7} = {8F1F5AA4-B46F-4661-AAB0-490B2C80DA5C}
		{820441F7-4E40-4536-9B31-6A30C7811E92} = {8F1F5AA4-B46F-4661-AAB0-490B2C80DA5C}
		{F5A65426-9D99-4ABA-9006-D268474991D7} = {5C29ACB5-924D-42D5-8634-6205091FC610}
		{19743078-CD3F-4514-AA51-274D71D96382} = {3560430A-1098-46BE-8732-26BCC70F451A}
	EndGlobalSection
	GlobalSection(ExtensibilityGlobals) = postSolution
		SolutionGuid = {A23BF555-AD79-47A1-9C35-FBEB439A91E1}
	EndGlobalSection
EndGlobal
